
Microsoft Visual Studio Solution File, Format Version 12.00
# Visual Studio Version 16
VisualStudioVersion = 16.0.29326.143
MinimumVisualStudioVersion = 10.0.40219.1
Project("{FAE04EC0-301F-11D3-BF4B-00C04F79EFBC}") = "ExamFinalCountDown", "ExamFinalCountDown\ExamFinalCountDown.csproj", "{3DD4F215-CF61-487C-AA1F-B227F2701192}"
EndProject
Global
	GlobalSection(SolutionConfigurationPlatforms) = preSolution
		Debug|Any CPU = Debug|Any CPU
		Release|Any CPU = Release|Any CPU
	EndGlobalSection
	GlobalSection(ProjectConfigurationPlatforms) = postSolution
		{3DD4F215-CF61-487C-AA1F-B227F2701192}.Debug|Any CPU.ActiveCfg = Debug|Any CPU
		{3DD4F215-CF61-487C-AA1F-B227F2701192}.Debug|Any CPU.Build.0 = Debug|Any CPU
		{3DD4F215-CF61-487C-AA1F-B227F2701192}.Release|Any CPU.ActiveCfg = Release|Any CPU
		{3DD4F215-CF61-487C-AA1F-B227F2701192}.Release|Any CPU.Build.0 = Release|Any CPU
	EndGlobalSection
	GlobalSection(SolutionProperties) = preSolution
		HideSolutionNode = FALSE
	EndGlobalSection
	GlobalSection(ExtensibilityGlobals) = postSolution
		SolutionGuid = {DDBC9F6F-88A9-4BE8-B2AD-9C75131EEF4E}
	EndGlobalSection
EndGlobal
